<?xml version="1.0" encoding="utf-8"?>
<Project ToolsVersion="4.0" xmlns="http://schemas.microsoft.com/developer/msbuild/2003">
  <ItemGroup>
    <Filter Include="ソース ファイル">
      <UniqueIdentifier>{4FC737F1-C7A5-4376-A066-2A32D752A2FF}</UniqueIdentifier>
      <Extensions>cpp;c;cc;cxx;def;odl;idl;hpj;bat;asm;asmx</Extensions>
    </Filter>
    <Filter Include="ヘッダー ファイル">
      <UniqueIdentifier>{93995380-89BD-4b04-88EB-625FBE52EBFB}</UniqueIdentifier>
      <Extensions>h;hpp;hxx;hm;inl;inc;xsd</Extensions>
    </Filter>
    <Filter Include="ソース ファイル\Lib_Interface">
      <UniqueIdentifier>{9b351aac-749c-416e-ba54-55781f2760a8}</UniqueIdentifier>
    </Filter>
    <Filter Include="ソース ファイル\Title">
      <UniqueIdentifier>{72b9dd42-2023-4564-a43d-eff7fa81e837}</UniqueIdentifier>
    </Filter>
    <Filter Include="ソース ファイル\Game">
      <UniqueIdentifier>{a62c5642-4431-4ea8-ba97-4cbbee4b33df}</UniqueIdentifier>
    </Filter>
    <Filter Include="ヘッダー ファイル\Ship">
      <UniqueIdentifier>{e30cd925-9c60-411c-8f72-daeb5199614e}</UniqueIdentifier>
    </Filter>
    <Filter Include="ヘッダー ファイル\State">
      <UniqueIdentifier>{42e1ba78-1271-481c-959f-635f72f89b84}</UniqueIdentifier>
    </Filter>
    <Filter Include="ヘッダー ファイル\Lib_Interface">
      <UniqueIdentifier>{8022d2f0-bdf1-46d6-8b64-c384dd7e2a0d}</UniqueIdentifier>
    </Filter>
    <Filter Include="ソース ファイル\Ship">
      <UniqueIdentifier>{517af516-da62-472b-bb3f-21a4c413cba0}</UniqueIdentifier>
    </Filter>
    <Filter Include="ソース ファイル\State">
      <UniqueIdentifier>{a617e599-c3f9-44bb-bfb9-0fb3a320ce70}</UniqueIdentifier>
    </Filter>
    <Filter Include="ヘッダー ファイル\Game">
      <UniqueIdentifier>{bded7a2e-8734-4092-956d-e0dad70313fd}</UniqueIdentifier>
    </Filter>
    <Filter Include="ヘッダー ファイル\Title">
      <UniqueIdentifier>{05aba9dc-45d7-4012-a62b-58ef0bd30a9e}</UniqueIdentifier>
    </Filter>
    <Filter Include="ヘッダー ファイル\Game\Object">
      <UniqueIdentifier>{b4e7df3a-7e17-4cab-b0b3-c9e0cb904fab}</UniqueIdentifier>
    </Filter>
    <Filter Include="ソース ファイル\Game\Object">
      <UniqueIdentifier>{5a1b1f0b-2613-4251-bcd0-a0a5a12e67bb}</UniqueIdentifier>
    </Filter>
    <Filter Include="追加機能系">
      <UniqueIdentifier>{67DA6AB6-F800-4c08-8B7A-83BB121AAD01}</UniqueIdentifier>
      <Extensions>rc;ico;cur;bmp;dlg;rc2;rct;bin;rgs;gif;jpg;jpeg;jpe;resx;tiff;tif;png;wav;mfcribbon-ms</Extensions>
    </Filter>
    <Filter Include="追加機能系\Connect">
      <UniqueIdentifier>{10da139c-2ca2-4f8f-8eca-43203036e7d7}</UniqueIdentifier>
    </Filter>
    <Filter Include="追加機能系\DebugInterface">
      <UniqueIdentifier>{b4140b87-5099-4a03-81ae-e23c556283c1}</UniqueIdentifier>
    </Filter>
  </ItemGroup>
  <ItemGroup>
    <ClCompile Include="src\TitleScene.cpp">
      <Filter>ソース ファイル\Title</Filter>
    </ClCompile>
    <ClCompile Include="src\SetShip.cpp">
      <Filter>ソース ファイル\State</Filter>
    </ClCompile>
    <ClCompile Include="src\StageEffect.cpp">
      <Filter>ソース ファイル\State</Filter>
    </ClCompile>
    <ClCompile Include="src\StateManager.cpp">
      <Filter>ソース ファイル\State</Filter>
    </ClCompile>
    <ClCompile Include="src\GameState.cpp">
      <Filter>ソース ファイル\State</Filter>
    </ClCompile>
    <ClCompile Include="src\Result.cpp">
      <Filter>ソース ファイル\State</Filter>
    </ClCompile>
    <ClCompile Include="src\Selection.cpp">
      <Filter>ソース ファイル\State</Filter>
    </ClCompile>
    <ClCompile Include="src\Submarine.cpp">
      <Filter>ソース ファイル\Ship</Filter>
    </ClCompile>
    <ClCompile Include="src\AircraftCarrier.cpp">
      <Filter>ソース ファイル\Ship</Filter>
    </ClCompile>
    <ClCompile Include="src\BattleShip.cpp">
      <Filter>ソース ファイル\Ship</Filter>
    </ClCompile>
    <ClCompile Include="src\Cruiser.cpp">
      <Filter>ソース ファイル\Ship</Filter>
    </ClCompile>
    <ClCompile Include="src\Destroyer.cpp">
      <Filter>ソース ファイル\Ship</Filter>
    </ClCompile>
    <ClCompile Include="..\Library\src\WinMain.cpp">
      <Filter>ソース ファイル\Lib_Interface</Filter>
    </ClCompile>
    <ClCompile Include="src\GameScene.cpp">
      <Filter>ソース ファイル\Game</Filter>
    </ClCompile>
    <ClCompile Include="src\Player.cpp">
      <Filter>ソース ファイル\Game</Filter>
    </ClCompile>
    <ClCompile Include="src\GameLog.cpp">
      <Filter>ソース ファイル\Game\Object</Filter>
    </ClCompile>
    <ClCompile Include="src\ShipObject.cpp">
      <Filter>ソース ファイル\Game\Object</Filter>
    </ClCompile>
    <ClCompile Include="src\StageObject.cpp">
      <Filter>ソース ファイル\Game\Object</Filter>
    </ClCompile>
    <ClCompile Include="..\Library\src\DrawManagherInterface.cpp">
      <Filter>ソース ファイル\Lib_Interface</Filter>
    </ClCompile>
    <ClCompile Include="..\Library\src\RenderManagherInterface.cpp">
      <Filter>ソース ファイル\Lib_Interface</Filter>
    </ClCompile>
    <ClCompile Include="..\Library\src\SceneInterface.cpp">
      <Filter>ソース ファイル\Lib_Interface</Filter>
    </ClCompile>
    <ClCompile Include="..\Library\src\SceneManagerInterface.cpp">
      <Filter>ソース ファイル\Lib_Interface</Filter>
    </ClCompile>
    <ClCompile Include="..\Library\src\Connect.cpp">
      <Filter>追加機能系\Connect</Filter>
    </ClCompile>
    <ClCompile Include="..\Library\src\DebugInterface.cpp">
      <Filter>追加機能系\DebugInterface</Filter>
    </ClCompile>
    <ClCompile Include="..\Library\src\AudioInterface.cpp">
      <Filter>ソース ファイル\Lib_Interface</Filter>
    </ClCompile>
    <ClCompile Include="src\ConnectSetting.cpp">
      <Filter>ソース ファイル\Game\Object</Filter>
    </ClCompile>
    <ClCompile Include="src\TextField.cpp">
      <Filter>ソース ファイル\Game\Object</Filter>
    </ClCompile>
    <ClCompile Include="src\Button.cpp">
      <Filter>ソース ファイル\Game\Object</Filter>
    </ClCompile>
    <ClCompile Include="src\ActionReport.cpp">
      <Filter>ソース ファイル\State</Filter>
    </ClCompile>
    <ClCompile Include="src\Reward.cpp">
      <Filter>ソース ファイル\Game\Object</Filter>
    </ClCompile>
  </ItemGroup>
  <ItemGroup>
    <ClInclude Include="src\TitleScene.h">
      <Filter>ヘッダー ファイル\Title</Filter>
    </ClInclude>
    <ClInclude Include="src\Selection.h">
      <Filter>ヘッダー ファイル\State</Filter>
    </ClInclude>
    <ClInclude Include="src\SetShip.h">
      <Filter>ヘッダー ファイル\State</Filter>
    </ClInclude>
    <ClInclude Include="src\StageEffect.h">
      <Filter>ヘッダー ファイル\State</Filter>
    </ClInclude>
    <ClInclude Include="src\GameState.h">
      <Filter>ヘッダー ファイル\State</Filter>
    </ClInclude>
    <ClInclude Include="src\Result.h">
      <Filter>ヘッダー ファイル\State</Filter>
    </ClInclude>
    <ClInclude Include="src\Submarine.h">
      <Filter>ヘッダー ファイル\Ship</Filter>
    </ClInclude>
    <ClInclude Include="src\AircraftCarrier.h">
      <Filter>ヘッダー ファイル\Ship</Filter>
    </ClInclude>
    <ClInclude Include="src\BattleShip.h">
      <Filter>ヘッダー ファイル\Ship</Filter>
    </ClInclude>
    <ClInclude Include="src\Cruiser.h">
      <Filter>ヘッダー ファイル\Ship</Filter>
    </ClInclude>
    <ClInclude Include="src\Destroyer.h">
      <Filter>ヘッダー ファイル\Ship</Filter>
    </ClInclude>
    <ClInclude Include="src\Player.h">
      <Filter>ヘッダー ファイル\Game</Filter>
    </ClInclude>
    <ClInclude Include="src\StageDefineList.h">
      <Filter>ヘッダー ファイル\Game</Filter>
    </ClInclude>
    <ClInclude Include="src\GameScene.h">
      <Filter>ヘッダー ファイル\Game</Filter>
    </ClInclude>
    <ClInclude Include="src\LogStream.h">
      <Filter>ヘッダー ファイル\Game\Object</Filter>
    </ClInclude>
    <ClInclude Include="src\ScreenMask.h">
      <Filter>ヘッダー ファイル\Game\Object</Filter>
    </ClInclude>
    <ClInclude Include="src\ShipObject.h">
      <Filter>ヘッダー ファイル\Game\Object</Filter>
    </ClInclude>
    <ClInclude Include="src\StageObject.h">
      <Filter>ヘッダー ファイル\Game\Object</Filter>
    </ClInclude>
    <ClInclude Include="src\Background.h">
      <Filter>ヘッダー ファイル\Game\Object</Filter>
    </ClInclude>
    <ClInclude Include="src\BoardOfFrame.h">
      <Filter>ヘッダー ファイル\Game\Object</Filter>
    </ClInclude>
    <ClInclude Include="src\Button.h">
      <Filter>ヘッダー ファイル\Game\Object</Filter>
    </ClInclude>
    <ClInclude Include="src\GameLog.h">
      <Filter>ヘッダー ファイル\Game\Object</Filter>
    </ClInclude>
    <ClInclude Include="..\Library\src\DebugNew.h">
      <Filter>追加機能系\DebugInterface</Filter>
    </ClInclude>
    <ClInclude Include="src\FixedPhrase.h">
      <Filter>ヘッダー ファイル\Game\Object</Filter>
    </ClInclude>
    <ClInclude Include="src\StateManager.h">
      <Filter>ヘッダー ファイル\State</Filter>
    </ClInclude>
    <ClInclude Include="..\Library\src\SceneInterface.h">
      <Filter>ヘッダー ファイル\Lib_Interface</Filter>
    </ClInclude>
    <ClInclude Include="..\Library\src\Connect.h">
      <Filter>追加機能系\Connect</Filter>
    </ClInclude>
    <ClInclude Include="..\Library\src\DebugInterface.h">
      <Filter>追加機能系\DebugInterface</Filter>
    </ClInclude>
    <ClInclude Include="src\ConnectStruct.h">
      <Filter>追加機能系\Connect</Filter>
    </ClInclude>
    <ClInclude Include="src\ConnectSetting.h">
      <Filter>追加機能系\Connect</Filter>
    </ClInclude>
    <ClInclude Include="src\TextField.h">
      <Filter>ヘッダー ファイル\Game\Object</Filter>
    </ClInclude>
    <ClInclude Include="src\ActionReport.h">
      <Filter>ヘッダー ファイル\State</Filter>
    </ClInclude>
    <ClInclude Include="src\ReportData.h">
      <Filter>ヘッダー ファイル\Game\Object</Filter>
    </ClInclude>
    <ClInclude Include="src\ReportResult.h">
      <Filter>ヘッダー ファイル\Game\Object</Filter>
    </ClInclude>
    <ClInclude Include="src\Reward.h">
      <Filter>ヘッダー ファイル\Game\Object</Filter>
    </ClInclude>
  </ItemGroup>
</Project>